{
    "_meta": {
        "hash": {
            "sha256": "264d6a7e231eabe33fd207f2392d50d140964ed63a097eae0158034219563f9b"
        },
        "pipfile-spec": 6,
        "requires": {
            "python_version": "3.8"
        },
        "sources": [
            {
                "name": "pypi",
                "url": "https://pypi.org/simple",
                "verify_ssl": true
            }
        ]
    },
    "default": {
        "dj-database-url": {
            "hashes": [
                "sha256:4aeaeb1f573c74835b0686a2b46b85990571159ffc21aa57ecd4d1e1cb334163",
                "sha256:851785365761ebe4994a921b433062309eb882fedd318e1b0fcecc607ed02da9"
            ],
            "index": "pypi",
            "version": "==0.5.0"
        },
        "django": {
            "hashes": [
                "sha256:1ee37046b0bf2b61e83b3a01d067323516ec3b6f2b17cd49b1326dd4ba9dc913",
                "sha256:90763c764738586b11d7e1f44828032c153366e43ad7f782908193a1bb2d6d92"
            ],
            "index": "pypi",
            "version": "==2.2.27"
        },
        "django-bootstrap-form": {
            "hashes": [
                "sha256:de3f7893e515352834d446c441c0cb861637f92cebbe59d8229469c6cd3dc640"
            ],
            "index": "pypi",
            "version": "==3.4"
        },
        "django-prometheus": {
            "hashes": [
                "sha256:c338d6efde1ca336e90c540b5e87afe9287d7bcc82d651a778f302b0be17a933",
                "sha256:dd3f8da1399140fbef5c00d1526a23d1ade286b144281c325f8e409a781643f2"
            ],
            "index": "pypi",
            "version": "==2.1.0"
        },
        "mysqlclient": {
            "hashes": [
                "sha256:3f39855a4ad22805361e782cc4d1010ac74796225fa2d1c03cc16673ccdc983a",
                "sha256:a6b5648f648b16335e3b1aaec93dc3fcc81a9a661180e306936437cc522c810b",
                "sha256:edd42ccaa444b00702d5374b2f5f7585c9d0ce201917f15339f1c3cf91c1b1ed",
                "sha256:fb2f75aea14722390d2d8ddf384ad99da708c707a96656210a7be8af20a2c5e5"
            ],
            "index": "pypi",
            "version": "==2.0.1"
        },
        "prometheus-client": {
            "hashes": [
                "sha256:357a447fd2359b0a1d2e9b311a0c5778c330cfbe186d880ad5a6b39884652316",
                "sha256:ada41b891b79fca5638bd5cfe149efa86512eaa55987893becd2c6d8d0a5dfc5"
            ],
            "markers": "python_version >= '3.6'",
            "version": "==0.13.1"
        },
        "pytz": {
            "hashes": [
                "sha256:3672058bc3453457b622aab7a1c3bfd5ab0bdae451512f6cf25f64ed37f5b87c",
                "sha256:acad2d8b20a1af07d4e4c9d2e9285c5ed9104354062f275f3fcd88dcef4f1326"
            ],
            "version": "==2021.3"
        },
        "sqlparse": {
            "hashes": [
                "sha256:0c00730c74263a94e5a9919ade150dfc3b19c574389985446148402998287dae",
                "sha256:48719e356bb8b42991bdbb1e8b83223757b93789c00910a616a071910ca4a64d"
            ],
            "markers": "python_version >= '3.5'",
            "version": "==0.4.2"
        },
        "tinydb": {
            "hashes": [
                "sha256:071105c339b44f928968cb4e62f7340a568beb9962a3dcda66eb82da9cab0b0a"
            ],
            "index": "pypi",
            "version": "==3.7.0"
        },
        "uwsgi": {
            "hashes": [
                "sha256:faa85e053c0b1be4d5585b0858d3a511d2cd10201802e8676060fd0a109e5869"
            ],
            "index": "pypi",
            "version": "==2.0.19.1"
        },
        "whitenoise": {
            "hashes": [
                "sha256:05ce0be39ad85740a78750c86a93485c40f08ad8c62a6006de0233765996e5c7",
                "sha256:05d00198c777028d72d8b0bbd234db605ef6d60e9410125124002518a48e515d"
            ],
            "index": "pypi",
            "version": "==5.2.0"
        }
    },
    "develop": {}
}
